
Microsoft Visual Studio Solution File, Format Version 12.00
# Visual Studio Version 16
VisualStudioVersion = 16.0.30804.86
MinimumVisualStudioVersion = 10.0.40219.1
Project("{FAE04EC0-301F-11D3-BF4B-00C04F79EFBC}") = "introducaoFuncoes", "introducaoFuncoes\introducaoFuncoes.csproj", "{FCA72448-9C9F-4E57-B867-6537CCCE5270}"
EndProject
Global
	GlobalSection(SolutionConfigurationPlatforms) = preSolution
		Debug|Any CPU = Debug|Any CPU
		Release|Any CPU = Release|Any CPU
	EndGlobalSection
	GlobalSection(ProjectConfigurationPlatforms) = postSolution
		{FCA72448-9C9F-4E57-B867-6537CCCE5270}.Debug|Any CPU.ActiveCfg = Debug|Any CPU
		{FCA72448-9C9F-4E57-B867-6537CCCE5270}.Debug|Any CPU.Build.0 = Debug|Any CPU
		{FCA72448-9C9F-4E57-B867-6537CCCE5270}.Release|Any CPU.ActiveCfg = Release|Any CPU
		{FCA72448-9C9F-4E57-B867-6537CCCE5270}.Release|Any CPU.Build.0 = Release|Any CPU
	EndGlobalSection
	GlobalSection(SolutionProperties) = preSolution
		HideSolutionNode = FALSE
	EndGlobalSection
	GlobalSection(ExtensibilityGlobals) = postSolution
		SolutionGuid = {3391268B-B028-4ECE-8B8A-587F68A86C4B}
	EndGlobalSection
EndGlobal
