
Microsoft Visual Studio Solution File, Format Version 12.00
# Visual Studio Version 16
VisualStudioVersion = 16.0.30804.86
MinimumVisualStudioVersion = 10.0.40219.1
Project("{FAE04EC0-301F-11D3-BF4B-00C04F79EFBC}") = "operadoresComparativos", "operadoresComparativos\operadoresComparativos.csproj", "{54487C39-C6E0-4357-A28E-B709FD9D7F71}"
EndProject
Global
	GlobalSection(SolutionConfigurationPlatforms) = preSolution
		Debug|Any CPU = Debug|Any CPU
		Release|Any CPU = Release|Any CPU
	EndGlobalSection
	GlobalSection(ProjectConfigurationPlatforms) = postSolution
		{54487C39-C6E0-4357-A28E-B709FD9D7F71}.Debug|Any CPU.ActiveCfg = Debug|Any CPU
		{54487C39-C6E0-4357-A28E-B709FD9D7F71}.Debug|Any CPU.Build.0 = Debug|Any CPU
		{54487C39-C6E0-4357-A28E-B709FD9D7F71}.Release|Any CPU.ActiveCfg = Release|Any CPU
		{54487C39-C6E0-4357-A28E-B709FD9D7F71}.Release|Any CPU.Build.0 = Release|Any CPU
	EndGlobalSection
	GlobalSection(SolutionProperties) = preSolution
		HideSolutionNode = FALSE
	EndGlobalSection
	GlobalSection(ExtensibilityGlobals) = postSolution
		SolutionGuid = {726F7E6F-F065-4258-B994-3CD3E6F6A9CB}
	EndGlobalSection
EndGlobal
