
Microsoft Visual Studio Solution File, Format Version 12.00
# Visual Studio Version 16
VisualStudioVersion = 16.0.30804.86
MinimumVisualStudioVersion = 10.0.40219.1
Project("{FAE04EC0-301F-11D3-BF4B-00C04F79EFBC}") = "Exercicio_Sequencial", "Exercicio_Sequencial\Exercicio_Sequencial.csproj", "{AA7780AF-E4D7-46E9-95B8-66234C0125DB}"
EndProject
Global
	GlobalSection(SolutionConfigurationPlatforms) = preSolution
		Debug|Any CPU = Debug|Any CPU
		Release|Any CPU = Release|Any CPU
	EndGlobalSection
	GlobalSection(ProjectConfigurationPlatforms) = postSolution
		{AA7780AF-E4D7-46E9-95B8-66234C0125DB}.Debug|Any CPU.ActiveCfg = Debug|Any CPU
		{AA7780AF-E4D7-46E9-95B8-66234C0125DB}.Debug|Any CPU.Build.0 = Debug|Any CPU
		{AA7780AF-E4D7-46E9-95B8-66234C0125DB}.Release|Any CPU.ActiveCfg = Release|Any CPU
		{AA7780AF-E4D7-46E9-95B8-66234C0125DB}.Release|Any CPU.Build.0 = Release|Any CPU
	EndGlobalSection
	GlobalSection(SolutionProperties) = preSolution
		HideSolutionNode = FALSE
	EndGlobalSection
	GlobalSection(ExtensibilityGlobals) = postSolution
		SolutionGuid = {ED45C2D5-3262-472C-9C12-A43EB6C6EC69}
	EndGlobalSection
EndGlobal
